// !$*UTF8*$!
{
	archiveVersion = 1;
	classes = {
	};
	objectVersion = 50;
	objects = {

/* Begin PBXBuildFile section */
		9589FC012384BB4600802568 /* AppDelegate.swift in Sources */ = {isa = PBXBuildFile; fileRef = 9589FC002384BB4600802568 /* AppDelegate.swift */; };
		9589FC032384BB4600802568 /* SceneDelegate.swift in Sources */ = {isa = PBXBuildFile; fileRef = 9589FC022384BB4600802568 /* SceneDelegate.swift */; };
		9589FC082384BB4600802568 /* Main.storyboard in Resources */ = {isa = PBXBuildFile; fileRef = 9589FC062384BB4600802568 /* Main.storyboard */; };
		9589FC0A2384BB4800802568 /* Assets.xcassets in Resources */ = {isa = PBXBuildFile; fileRef = 9589FC092384BB4800802568 /* Assets.xcassets */; };
		9589FC0D2384BB4800802568 /* LaunchScreen.storyboard in Resources */ = {isa = PBXBuildFile; fileRef = 9589FC0B2384BB4800802568 /* LaunchScreen.storyboard */; };
		9589FC192384BC0D00802568 /* BuyViewController.swift in Sources */ = {isa = PBXBuildFile; fileRef = 9589FC162384BC0D00802568 /* BuyViewController.swift */; };
		9589FC1A2384BC0D00802568 /* CreateAccountViewController.swift in Sources */ = {isa = PBXBuildFile; fileRef = 9589FC172384BC0D00802568 /* CreateAccountViewController.swift */; };
		9589FC1B2384BC0D00802568 /* ViewController.swift in Sources */ = {isa = PBXBuildFile; fileRef = 9589FC182384BC0D00802568 /* ViewController.swift */; };
		9589FC1F2384BC1B00802568 /* Coordinator.swift in Sources */ = {isa = PBXBuildFile; fileRef = 9589FC1C2384BC1B00802568 /* Coordinator.swift */; };
		9589FC202384BC1B00802568 /* MainCoordinator.swift in Sources */ = {isa = PBXBuildFile; fileRef = 9589FC1D2384BC1B00802568 /* MainCoordinator.swift */; };
		9589FC212384BC1B00802568 /* Storyboarded.swift in Sources */ = {isa = PBXBuildFile; fileRef = 9589FC1E2384BC1B00802568 /* Storyboarded.swift */; };
		95DB87582384CF97003F3C99 /* BuyCoordinator.swift in Sources */ = {isa = PBXBuildFile; fileRef = 95DB87572384CF97003F3C99 /* BuyCoordinator.swift */; };
/* End PBXBuildFile section */

/* Begin PBXFileReference section */
		9589FBFD2384BB4600802568 /* ChildCoordinators.app */ = {isa = PBXFileReference; explicitFileType = wrapper.application; includeInIndex = 0; path = ChildCoordinators.app; sourceTree = BUILT_PRODUCTS_DIR; };
		9589FC002384BB4600802568 /* AppDelegate.swift */ = {isa = PBXFileReference; lastKnownFileType = sourcecode.swift; path = AppDelegate.swift; sourceTree = "<group>"; };
		9589FC022384BB4600802568 /* SceneDelegate.swift */ = {isa = PBXFileReference; lastKnownFileType = sourcecode.swift; path = SceneDelegate.swift; sourceTree = "<group>"; };
		9589FC072384BB4600802568 /* Base */ = {isa = PBXFileReference; lastKnownFileType = file.storyboard; name = Base; path = Base.lproj/Main.storyboard; sourceTree = "<group>"; };
		9589FC092384BB4800802568 /* Assets.xcassets */ = {isa = PBXFileReference; lastKnownFileType = folder.assetcatalog; path = Assets.xcassets; sourceTree = "<group>"; };
		9589FC0C2384BB4800802568 /* Base */ = {isa = PBXFileReference; lastKnownFileType = file.storyboard; name = Base; path = Base.lproj/LaunchScreen.storyboard; sourceTree = "<group>"; };
		9589FC0E2384BB4800802568 /* Info.plist */ = {isa = PBXFileReference; lastKnownFileType = text.plist.xml; path = Info.plist; sourceTree = "<group>"; };
		9589FC162384BC0D00802568 /* BuyViewController.swift */ = {isa = PBXFileReference; fileEncoding = 4; lastKnownFileType = sourcecode.swift; path = BuyViewController.swift; sourceTree = "<group>"; };
		9589FC172384BC0D00802568 /* CreateAccountViewController.swift */ = {isa = PBXFileReference; fileEncoding = 4; lastKnownFileType = sourcecode.swift; path = CreateAccountViewController.swift; sourceTree = "<group>"; };
		9589FC182384BC0D00802568 /* ViewController.swift */ = {isa = PBXFileReference; fileEncoding = 4; lastKnownFileType = sourcecode.swift; path = ViewController.swift; sourceTree = "<group>"; };
		9589FC1C2384BC1B00802568 /* Coordinator.swift */ = {isa = PBXFileReference; fileEncoding = 4; lastKnownFileType = sourcecode.swift; path = Coordinator.swift; sourceTree = "<group>"; };
		9589FC1D2384BC1B00802568 /* MainCoordinator.swift */ = {isa = PBXFileReference; fileEncoding = 4; lastKnownFileType = sourcecode.swift; path = MainCoordinator.swift; sourceTree = "<group>"; };
		9589FC1E2384BC1B00802568 /* Storyboarded.swift */ = {isa = PBXFileReference; fileEncoding = 4; lastKnownFileType = sourcecode.swift; path = Storyboarded.swift; sourceTree = "<group>"; };
		95DB87572384CF97003F3C99 /* BuyCoordinator.swift */ = {isa = PBXFileReference; lastKnownFileType = sourcecode.swift; path = BuyCoordinator.swift; sourceTree = "<group>"; };
/* End PBXFileReference section */

/* Begin PBXFrameworksBuildPhase section */
		9589FBFA2384BB4600802568 /* Frameworks */ = {
			isa = PBXFrameworksBuildPhase;
			buildActionMask = 2147483647;
			files = (
			);
			runOnlyForDeploymentPostprocessing = 0;
		};
/* End PBXFrameworksBuildPhase section */

/* Begin PBXGroup section */
		9589FBF42384BB4600802568 = {
			isa = PBXGroup;
			children = (
				9589FBFF2384BB4600802568 /* ChildCoordinators */,
				9589FBFE2384BB4600802568 /* Products */,
			);
			sourceTree = "<group>";
		};
		9589FBFE2384BB4600802568 /* Products */ = {
			isa = PBXGroup;
			children = (
				9589FBFD2384BB4600802568 /* ChildCoordinators.app */,
			);
			name = Products;
			sourceTree = "<group>";
		};
		9589FBFF2384BB4600802568 /* ChildCoordinators */ = {
			isa = PBXGroup;
			children = (
				9589FC142384BBD700802568 /* Coordinators */,
				9589FC152384BBDD00802568 /* ViewControllers */,
				9589FC002384BB4600802568 /* AppDelegate.swift */,
				9589FC022384BB4600802568 /* SceneDelegate.swift */,
				9589FC062384BB4600802568 /* Main.storyboard */,
				9589FC092384BB4800802568 /* Assets.xcassets */,
				9589FC0B2384BB4800802568 /* LaunchScreen.storyboard */,
				9589FC0E2384BB4800802568 /* Info.plist */,
			);
			path = ChildCoordinators;
			sourceTree = "<group>";
		};
		9589FC142384BBD700802568 /* Coordinators */ = {
			isa = PBXGroup;
			children = (
				95DB87572384CF97003F3C99 /* BuyCoordinator.swift */,
				9589FC1C2384BC1B00802568 /* Coordinator.swift */,
				9589FC1D2384BC1B00802568 /* MainCoordinator.swift */,
				9589FC1E2384BC1B00802568 /* Storyboarded.swift */,
			);
			path = Coordinators;
			sourceTree = "<group>";
		};
		9589FC152384BBDD00802568 /* ViewControllers */ = {
			isa = PBXGroup;
			children = (
				9589FC162384BC0D00802568 /* BuyViewController.swift */,
				9589FC172384BC0D00802568 /* CreateAccountViewController.swift */,
				9589FC182384BC0D00802568 /* ViewController.swift */,
			);
			path = ViewControllers;
			sourceTree = "<group>";
		};
/* End PBXGroup section */

/* Begin PBXNativeTarget section */
		9589FBFC2384BB4600802568 /* ChildCoordinators */ = {
			isa = PBXNativeTarget;
			buildConfigurationList = 9589FC112384BB4800802568 /* Build configuration list for PBXNativeTarget "ChildCoordinators" */;
			buildPhases = (
				9589FBF92384BB4600802568 /* Sources */,
				9589FBFA2384BB4600802568 /* Frameworks */,
				9589FBFB2384BB4600802568 /* Resources */,
			);
			buildRules = (
			);
			dependencies = (
			);
			name = ChildCoordinators;
			productName = ChildCoordinators;
			productReference = 9589FBFD2384BB4600802568 /* ChildCoordinators.app */;
			productType = "com.apple.product-type.application";
		};
/* End PBXNativeTarget section */

/* Begin PBXProject section */
		9589FBF52384BB4600802568 /* Project object */ = {
			isa = PBXProject;
			attributes = {
				LastSwiftUpdateCheck = 1120;
				LastUpgradeCheck = 1120;
				ORGANIZATIONNAME = clarknt;
				TargetAttributes = {
					9589FBFC2384BB4600802568 = {
						CreatedOnToolsVersion = 11.2.1;
					};
				};
			};
			buildConfigurationList = 9589FBF82384BB4600802568 /* Build configuration list for PBXProject "ChildCoordinators" */;
			compatibilityVersion = "Xcode 9.3";
			developmentRegion = en;
			hasScannedForEncodings = 0;
			knownRegions = (
				en,
				Base,
			);
			mainGroup = 9589FBF42384BB4600802568;
			productRefGroup = 9589FBFE2384BB4600802568 /* Products */;
			projectDirPath = "";
			projectRoot = "";
			targets = (
				9589FBFC2384BB4600802568 /* ChildCoordinators */,
			);
		};
/* End PBXProject section */

/* Begin PBXResourcesBuildPhase section */
		9589FBFB2384BB4600802568 /* Resources */ = {
			isa = PBXResourcesBuildPhase;
			buildActionMask = 2147483647;
			files = (
				9589FC0D2384BB4800802568 /* LaunchScreen.storyboard in Resources */,
				9589FC0A2384BB4800802568 /* Assets.xcassets in Resources */,
				9589FC082384BB4600802568 /* Main.storyboard in Resources */,
			);
			runOnlyForDeploymentPostprocessing = 0;
		};
/* End PBXResourcesBuildPhase section */

/* Begin PBXSourcesBuildPhase section */
		9589FBF92384BB4600802568 /* Sources */ = {
			isa = PBXSourcesBuildPhase;
			buildActionMask = 2147483647;
			files = (
				95DB87582384CF97003F3C99 /* BuyCoordinator.swift in Sources */,
				9589FC1B2384BC0D00802568 /* ViewController.swift in Sources */,
				9589FC202384BC1B00802568 /* MainCoordinator.swift in Sources */,
				9589FC1A2384BC0D00802568 /* CreateAccountViewController.swift in Sources */,
				9589FC192384BC0D00802568 /* BuyViewController.swift in Sources */,
				9589FC212384BC1B00802568 /* Storyboarded.swift in Sources */,
				9589FC012384BB4600802568 /* AppDelegate.swift in Sources */,
				9589FC032384BB4600802568 /* SceneDelegate.swift in Sources */,
				9589FC1F2384BC1B00802568 /* Coordinator.swift in Sources */,
			);
			runOnlyForDeploymentPostprocessing = 0;
		};
/* End PBXSourcesBuildPhase section */

/* Begin PBXVariantGroup section */
		9589FC062384BB4600802568 /* Main.storyboard */ = {
			isa = PBXVariantGroup;
			children = (
				9589FC072384BB4600802568 /* Base */,
			);
			name = Main.storyboard;
			sourceTree = "<group>";
		};
		9589FC0B2384BB4800802568 /* LaunchScreen.storyboard */ = {
			isa = PBXVariantGroup;
			children = (
				9589FC0C2384BB4800802568 /* Base */,
			);
			name = LaunchScreen.storyboard;
			sourceTree = "<group>";
		};
/* End PBXVariantGroup section */

/* Begin XCBuildConfiguration section */
		9589FC0F2384BB4800802568 /* Debug */ = {
			isa = XCBuildConfiguration;
			buildSettings = {
				ALWAYS_SEARCH_USER_PATHS = NO;
				CLANG_ANALYZER_NONNULL = YES;
				CLANG_ANALYZER_NUMBER_OBJECT_CONVERSION = YES_AGGRESSIVE;
				CLANG_CXX_LANGUAGE_STANDARD = "gnu++14";
				CLANG_CXX_LIBRARY = "libc++";
				CLANG_ENABLE_MODULES = YES;
				CLANG_ENABLE_OBJC_ARC = YES;
				CLANG_ENABLE_OBJC_WEAK = YES;
				CLANG_WARN_BLOCK_CAPTURE_AUTORELEASING = YES;
				CLANG_WARN_BOOL_CONVERSION = YES;
				CLANG_WARN_COMMA = YES;
				CLANG_WARN_CONSTANT_CONVERSION = YES;
				CLANG_WARN_DEPRECATED_OBJC_IMPLEMENTATIONS = YES;
				CLANG_WARN_DIRECT_OBJC_ISA_USAGE = YES_ERROR;
				CLANG_WARN_DOCUMENTATION_COMMENTS = YES;
				CLANG_WARN_EMPTY_BODY = YES;
				CLANG_WARN_ENUM_CONVERSION = YES;
				CLANG_WARN_INFINITE_RECURSION = YES;
				CLANG_WARN_INT_CONVERSION = YES;
				CLANG_WARN_NON_LITERAL_NULL_CONVERSION = YES;
				CLANG_WARN_OBJC_IMPLICIT_RETAIN_SELF = YES;
				CLANG_WARN_OBJC_LITERAL_CONVERSION = YES;
				CLANG_WARN_OBJC_ROOT_CLASS = YES_ERROR;
				CLANG_WARN_RANGE_LOOP_ANALYSIS = YES;
				CLANG_WARN_STRICT_PROTOTYPES = YES;
				CLANG_WARN_SUSPICIOUS_MOVE = YES;
				CLANG_WARN_UNGUARDED_AVAILABILITY = YES_AGGRESSIVE;
				CLANG_WARN_UNREACHABLE_CODE = YES;
				CLANG_WARN__DUPLICATE_METHOD_MATCH = YES;
				COPY_PHASE_STRIP = NO;
				DEBUG_INFORMATION_FORMAT = dwarf;
				ENABLE_STRICT_OBJC_MSGSEND = YES;
				ENABLE_TESTABILITY = YES;
				GCC_C_LANGUAGE_STANDARD = gnu11;
				GCC_DYNAMIC_NO_PIC = NO;
				GCC_NO_COMMON_BLOCKS = YES;
				GCC_OPTIMIZATION_LEVEL = 0;
				GCC_PREPROCESSOR_DEFINITIONS = (
					"DEBUG=1",
					"$(inherited)",
				);
				GCC_WARN_64_TO_32_BIT_CONVERSION = YES;
				GCC_WARN_ABOUT_RETURN_TYPE = YES_ERROR;
				GCC_WARN_UNDECLARED_SELECTOR = YES;
				GCC_WARN_UNINITIALIZED_AUTOS = YES_AGGRESSIVE;
				GCC_WARN_UNUSED_FUNCTION = YES;
				GCC_WARN_UNUSED_VARIABLE = YES;
				IPHONEOS_DEPLOYMENT_TARGET = 13.2;
				MTL_ENABLE_DEBUG_INFO = INCLUDE_SOURCE;
				MTL_FAST_MATH = YES;
				ONLY_ACTIVE_ARCH = YES;
				SDKROOT = iphoneos;
				SWIFT_ACTIVE_COMPILATION_CONDITIONS = DEBUG;
				SWIFT_OPTIMIZATION_LEVEL = "-Onone";
			};
			name = Debug;
		};
		9589FC102384BB4800802568 /* Release */ = {
			isa = XCBuildConfiguration;
			buildSettings = {
				ALWAYS_SEARCH_USER_PATHS = NO;
				CLANG_ANALYZER_NONNULL = YES;
				CLANG_ANALYZER_NUMBER_OBJECT_CONVERSION = YES_AGGRESSIVE;
				CLANG_CXX_LANGUAGE_STANDARD = "gnu++14";
				CLANG_CXX_LIBRARY = "libc++";
				CLANG_ENABLE_MODULES = YES;
				CLANG_ENABLE_OBJC_ARC = YES;
				CLANG_ENABLE_OBJC_WEAK = YES;
				CLANG_WARN_BLOCK_CAPTURE_AUTORELEASING = YES;
				CLANG_WARN_BOOL_CONVERSION = YES;
				CLANG_WARN_COMMA = YES;
				CLANG_WARN_CONSTANT_CONVERSION = YES;
				CLANG_WARN_DEPRECATED_OBJC_IMPLEMENTATIONS = YES;
				CLANG_WARN_DIRECT_OBJC_ISA_USAGE = YES_ERROR;
				CLANG_WARN_DOCUMENTATION_COMMENTS = YES;
				CLANG_WARN_EMPTY_BODY = YES;
				CLANG_WARN_ENUM_CONVERSION = YES;
				CLANG_WARN_INFINITE_RECURSION = YES;
				CLANG_WARN_INT_CONVERSION = YES;
				CLANG_WARN_NON_LITERAL_NULL_CONVERSION = YES;
				CLANG_WARN_OBJC_IMPLICIT_RETAIN_SELF = YES;
				CLANG_WARN_OBJC_LITERAL_CONVERSION = YES;
				CLANG_WARN_OBJC_ROOT_CLASS = YES_ERROR;
				CLANG_WARN_RANGE_LOOP_ANALYSIS = YES;
				CLANG_WARN_STRICT_PROTOTYPES = YES;
				CLANG_WARN_SUSPICIOUS_MOVE = YES;
				CLANG_WARN_UNGUARDED_AVAILABILITY = YES_AGGRESSIVE;
				CLANG_WARN_UNREACHABLE_CODE = YES;
				CLANG_WARN__DUPLICATE_METHOD_MATCH = YES;
				COPY_PHASE_STRIP = NO;
				DEBUG_INFORMATION_FORMAT = "dwarf-with-dsym";
				ENABLE_NS_ASSERTIONS = NO;
				ENABLE_STRICT_OBJC_MSGSEND = YES;
				GCC_C_LANGUAGE_STANDARD = gnu11;
				GCC_NO_COMMON_BLOCKS = YES;
				GCC_WARN_64_TO_32_BIT_CONVERSION = YES;
				GCC_WARN_ABOUT_RETURN_TYPE = YES_ERROR;
				GCC_WARN_UNDECLARED_SELECTOR = YES;
				GCC_WARN_UNINITIALIZED_AUTOS = YES_AGGRESSIVE;
				GCC_WARN_UNUSED_FUNCTION = YES;
				GCC_WARN_UNUSED_VARIABLE = YES;
				IPHONEOS_DEPLOYMENT_TARGET = 13.2;
				MTL_ENABLE_DEBUG_INFO = NO;
				MTL_FAST_MATH = YES;
				SDKROOT = iphoneos;
				SWIFT_COMPILATION_MODE = wholemodule;
				SWIFT_OPTIMIZATION_LEVEL = "-O";
				VALIDATE_PRODUCT = YES;
			};
			name = Release;
		};
		9589FC122384BB4800802568 /* Debug */ = {
			isa = XCBuildConfiguration;
			buildSettings = {
				ASSETCATALOG_COMPILER_APPICON_NAME = AppIcon;
				CODE_SIGN_STYLE = Automatic;
				INFOPLIST_FILE = ChildCoordinators/Info.plist;
				IPHONEOS_DEPLOYMENT_TARGET = 13.2;
				LD_RUNPATH_SEARCH_PATHS = (
					"$(inherited)",
					"@executable_path/Frameworks",
				);
				PRODUCT_BUNDLE_IDENTIFIER = clarknt.coordinators.ChildCoordinators;
				PRODUCT_NAME = "$(TARGET_NAME)";
				SWIFT_VERSION = 5.0;
				TARGETED_DEVICE_FAMILY = "1,2";
			};
			name = Debug;
		};
		9589FC132384BB4800802568 /* Release */ = {
			isa = XCBuildConfiguration;
			buildSettings = {
				ASSETCATALOG_COMPILER_APPICON_NAME = AppIcon;
				CODE_SIGN_STYLE = Automatic;
				INFOPLIST_FILE = ChildCoordinators/Info.plist;
				IPHONEOS_DEPLOYMENT_TARGET = 13.2;
				LD_RUNPATH_SEARCH_PATHS = (
					"$(inherited)",
					"@executable_path/Frameworks",
				);
				PRODUCT_BUNDLE_IDENTIFIER = clarknt.coordinators.ChildCoordinators;
				PRODUCT_NAME = "$(TARGET_NAME)";
				SWIFT_VERSION = 5.0;
				TARGETED_DEVICE_FAMILY = "1,2";
			};
			name = Release;
		};
/* End XCBuildConfiguration section */

/* Begin XCConfigurationList section */
		9589FBF82384BB4600802568 /* Build configuration list for PBXProject "ChildCoordinators" */ = {
			isa = XCConfigurationList;
			buildConfigurations = (
				9589FC0F2384BB4800802568 /* Debug */,
				9589FC102384BB4800802568 /* Release */,
			);
			defaultConfigurationIsVisible = 0;
			defaultConfigurationName = Release;
		};
		9589FC112384BB4800802568 /* Build configuration list for PBXNativeTarget "ChildCoordinators" */ = {
			isa = XCConfigurationList;
			buildConfigurations = (
				9589FC122384BB4800802568 /* Debug */,
				9589FC132384BB4800802568 /* Release */,
			);
			defaultConfigurationIsVisible = 0;
			defaultConfigurationName = Release;
		};
/* End XCConfigurationList section */
	};
	rootObject = 9589FBF52384BB4600802568 /* Project object */;
}
